// !$*UTF8*$!
{
	archiveVersion = 1;
	classes = {
	};
	objectVersion = 55;
	objects = {

/* Begin PBXBuildFile section */
		CE3F5575282A5FA1004AA841 /* AppDelegate.swift in Sources */ = {isa = PBXBuildFile; fileRef = CE3F5574282A5FA1004AA841 /* AppDelegate.swift */; };
		CE3F5577282A5FA1004AA841 /* SceneDelegate.swift in Sources */ = {isa = PBXBuildFile; fileRef = CE3F5576282A5FA1004AA841 /* SceneDelegate.swift */; };
		CE3F5579282A5FA1004AA841 /* ViewController.swift in Sources */ = {isa = PBXBuildFile; fileRef = CE3F5578282A5FA1004AA841 /* ViewController.swift */; };
		CE3F557C282A5FA1004AA841 /* Main.storyboard in Resources */ = {isa = PBXBuildFile; fileRef = CE3F557A282A5FA1004AA841 /* Main.storyboard */; };
		CE3F557E282A5FA5004AA841 /* Assets.xcassets in Resources */ = {isa = PBXBuildFile; fileRef = CE3F557D282A5FA5004AA841 /* Assets.xcassets */; };
		CE3F5581282A5FA5004AA841 /* LaunchScreen.storyboard in Resources */ = {isa = PBXBuildFile; fileRef = CE3F557F282A5FA5004AA841 /* LaunchScreen.storyboard */; };
		CE3F558C282A5FA5004AA841 /* BarabaraGameTests.swift in Sources */ = {isa = PBXBuildFile; fileRef = CE3F558B282A5FA5004AA841 /* BarabaraGameTests.swift */; };
		CE3F5596282A5FA5004AA841 /* BarabaraGameUITests.swift in Sources */ = {isa = PBXBuildFile; fileRef = CE3F5595282A5FA5004AA841 /* BarabaraGameUITests.swift */; };
		CE3F5598282A5FA5004AA841 /* BarabaraGameUITestsLaunchTests.swift in Sources */ = {isa = PBXBuildFile; fileRef = CE3F5597282A5FA5004AA841 /* BarabaraGameUITestsLaunchTests.swift */; };
		CE3F55A7282A60B2004AA841 /* tail.png in Resources */ = {isa = PBXBuildFile; fileRef = CE3F55A5282A60B2004AA841 /* tail.png */; };
		CE3F55A8282A60B2004AA841 /* bar.png in Resources */ = {isa = PBXBuildFile; fileRef = CE3F55A6282A60B2004AA841 /* bar.png */; };
		CE3F55AA282A647A004AA841 /* GameViewController.swift in Sources */ = {isa = PBXBuildFile; fileRef = CE3F55A9282A647A004AA841 /* GameViewController.swift */; };
		CE3F55AC282A64C3004AA841 /* RankingViewController.swift in Sources */ = {isa = PBXBuildFile; fileRef = CE3F55AB282A64C3004AA841 /* RankingViewController.swift */; };
/* End PBXBuildFile section */

/* Begin PBXContainerItemProxy section */
		CE3F5588282A5FA5004AA841 /* PBXContainerItemProxy */ = {
			isa = PBXContainerItemProxy;
			containerPortal = CE3F5569282A5FA1004AA841 /* Project object */;
			proxyType = 1;
			remoteGlobalIDString = CE3F5570282A5FA1004AA841;
			remoteInfo = BarabaraGame;
		};
		CE3F5592282A5FA5004AA841 /* PBXContainerItemProxy */ = {
			isa = PBXContainerItemProxy;
			containerPortal = CE3F5569282A5FA1004AA841 /* Project object */;
			proxyType = 1;
			remoteGlobalIDString = CE3F5570282A5FA1004AA841;
			remoteInfo = BarabaraGame;
		};
/* End PBXContainerItemProxy section */

/* Begin PBXFileReference section */
		CE3F5571282A5FA1004AA841 /* BarabaraGame.app */ = {isa = PBXFileReference; explicitFileType = wrapper.application; includeInIndex = 0; path = BarabaraGame.app; sourceTree = BUILT_PRODUCTS_DIR; };
		CE3F5574282A5FA1004AA841 /* AppDelegate.swift */ = {isa = PBXFileReference; lastKnownFileType = sourcecode.swift; path = AppDelegate.swift; sourceTree = "<group>"; };
		CE3F5576282A5FA1004AA841 /* SceneDelegate.swift */ = {isa = PBXFileReference; lastKnownFileType = sourcecode.swift; path = SceneDelegate.swift; sourceTree = "<group>"; };
		CE3F5578282A5FA1004AA841 /* ViewController.swift */ = {isa = PBXFileReference; lastKnownFileType = sourcecode.swift; path = ViewController.swift; sourceTree = "<group>"; };
		CE3F557B282A5FA1004AA841 /* Base */ = {isa = PBXFileReference; lastKnownFileType = file.storyboard; name = Base; path = Base.lproj/Main.storyboard; sourceTree = "<group>"; };
		CE3F557D282A5FA5004AA841 /* Assets.xcassets */ = {isa = PBXFileReference; lastKnownFileType = folder.assetcatalog; path = Assets.xcassets; sourceTree = "<group>"; };
		CE3F5580282A5FA5004AA841 /* Base */ = {isa = PBXFileReference; lastKnownFileType = file.storyboard; name = Base; path = Base.lproj/LaunchScreen.storyboard; sourceTree = "<group>"; };
		CE3F5582282A5FA5004AA841 /* Info.plist */ = {isa = PBXFileReference; lastKnownFileType = text.plist.xml; path = Info.plist; sourceTree = "<group>"; };
		CE3F5587282A5FA5004AA841 /* BarabaraGameTests.xctest */ = {isa = PBXFileReference; explicitFileType = wrapper.cfbundle; includeInIndex = 0; path = BarabaraGameTests.xctest; sourceTree = BUILT_PRODUCTS_DIR; };
		CE3F558B282A5FA5004AA841 /* BarabaraGameTests.swift */ = {isa = PBXFileReference; lastKnownFileType = sourcecode.swift; path = BarabaraGameTests.swift; sourceTree = "<group>"; };
		CE3F5591282A5FA5004AA841 /* BarabaraGameUITests.xctest */ = {isa = PBXFileReference; explicitFileType = wrapper.cfbundle; includeInIndex = 0; path = BarabaraGameUITests.xctest; sourceTree = BUILT_PRODUCTS_DIR; };
		CE3F5595282A5FA5004AA841 /* BarabaraGameUITests.swift */ = {isa = PBXFileReference; lastKnownFileType = sourcecode.swift; path = BarabaraGameUITests.swift; sourceTree = "<group>"; };
		CE3F5597282A5FA5004AA841 /* BarabaraGameUITestsLaunchTests.swift */ = {isa = PBXFileReference; lastKnownFileType = sourcecode.swift; path = BarabaraGameUITestsLaunchTests.swift; sourceTree = "<group>"; };
		CE3F55A5282A60B2004AA841 /* tail.png */ = {isa = PBXFileReference; lastKnownFileType = image.png; path = tail.png; sourceTree = "<group>"; };
		CE3F55A6282A60B2004AA841 /* bar.png */ = {isa = PBXFileReference; lastKnownFileType = image.png; path = bar.png; sourceTree = "<group>"; };
		CE3F55A9282A647A004AA841 /* GameViewController.swift */ = {isa = PBXFileReference; lastKnownFileType = sourcecode.swift; path = GameViewController.swift; sourceTree = "<group>"; };
		CE3F55AB282A64C3004AA841 /* RankingViewController.swift */ = {isa = PBXFileReference; lastKnownFileType = sourcecode.swift; path = RankingViewController.swift; sourceTree = "<group>"; };
/* End PBXFileReference section */

/* Begin PBXFrameworksBuildPhase section */
		CE3F556E282A5FA1004AA841 /* Frameworks */ = {
			isa = PBXFrameworksBuildPhase;
			buildActionMask = 2147483647;
			files = (
			);
			runOnlyForDeploymentPostprocessing = 0;
		};
		CE3F5584282A5FA5004AA841 /* Frameworks */ = {
			isa = PBXFrameworksBuildPhase;
			buildActionMask = 2147483647;
			files = (
			);
			runOnlyForDeploymentPostprocessing = 0;
		};
		CE3F558E282A5FA5004AA841 /* Frameworks */ = {
			isa = PBXFrameworksBuildPhase;
			buildActionMask = 2147483647;
			files = (
			);
			runOnlyForDeploymentPostprocessing = 0;
		};
/* End PBXFrameworksBuildPhase section */

/* Begin PBXGroup section */
		CE3F5568282A5FA1004AA841 = {
			isa = PBXGroup;
			children = (
				CE3F5573282A5FA1004AA841 /* BarabaraGame */,
				CE3F558A282A5FA5004AA841 /* BarabaraGameTests */,
				CE3F5594282A5FA5004AA841 /* BarabaraGameUITests */,
				CE3F5572282A5FA1004AA841 /* Products */,
			);
			sourceTree = "<group>";
		};
		CE3F5572282A5FA1004AA841 /* Products */ = {
			isa = PBXGroup;
			children = (
				CE3F5571282A5FA1004AA841 /* BarabaraGame.app */,
				CE3F5587282A5FA5004AA841 /* BarabaraGameTests.xctest */,
				CE3F5591282A5FA5004AA841 /* BarabaraGameUITests.xctest */,
			);
			name = Products;
			sourceTree = "<group>";
		};
		CE3F5573282A5FA1004AA841 /* BarabaraGame */ = {
			isa = PBXGroup;
			children = (
				CE3F5574282A5FA1004AA841 /* AppDelegate.swift */,
				CE3F5576282A5FA1004AA841 /* SceneDelegate.swift */,
				CE3F5578282A5FA1004AA841 /* ViewController.swift */,
				CE3F55A9282A647A004AA841 /* GameViewController.swift */,
				CE3F55AB282A64C3004AA841 /* RankingViewController.swift */,
				CE3F557A282A5FA1004AA841 /* Main.storyboard */,
				CE3F557D282A5FA5004AA841 /* Assets.xcassets */,
				CE3F557F282A5FA5004AA841 /* LaunchScreen.storyboard */,
				CE3F55A4282A60B2004AA841 /* Barabara素材 */,
				CE3F5582282A5FA5004AA841 /* Info.plist */,
			);
			path = BarabaraGame;
			sourceTree = "<group>";
		};
		CE3F558A282A5FA5004AA841 /* BarabaraGameTests */ = {
			isa = PBXGroup;
			children = (
				CE3F558B282A5FA5004AA841 /* BarabaraGameTests.swift */,
			);
			path = BarabaraGameTests;
			sourceTree = "<group>";
		};
		CE3F5594282A5FA5004AA841 /* BarabaraGameUITests */ = {
			isa = PBXGroup;
			children = (
				CE3F5595282A5FA5004AA841 /* BarabaraGameUITests.swift */,
				CE3F5597282A5FA5004AA841 /* BarabaraGameUITestsLaunchTests.swift */,
			);
			path = BarabaraGameUITests;
			sourceTree = "<group>";
		};
		CE3F55A4282A60B2004AA841 /* Barabara素材 */ = {
			isa = PBXGroup;
			children = (
				CE3F55A5282A60B2004AA841 /* tail.png */,
				CE3F55A6282A60B2004AA841 /* bar.png */,
			);
			path = "Barabara素材";
			sourceTree = "<group>";
		};
/* End PBXGroup section */

/* Begin PBXNativeTarget section */
		CE3F5570282A5FA1004AA841 /* BarabaraGame */ = {
			isa = PBXNativeTarget;
			buildConfigurationList = CE3F559B282A5FA5004AA841 /* Build configuration list for PBXNativeTarget "BarabaraGame" */;
			buildPhases = (
				CE3F556D282A5FA1004AA841 /* Sources */,
				CE3F556E282A5FA1004AA841 /* Frameworks */,
				CE3F556F282A5FA1004AA841 /* Resources */,
			);
			buildRules = (
			);
			dependencies = (
			);
			name = BarabaraGame;
			productName = BarabaraGame;
			productReference = CE3F5571282A5FA1004AA841 /* BarabaraGame.app */;
			productType = "com.apple.product-type.application";
		};
		CE3F5586282A5FA5004AA841 /* BarabaraGameTests */ = {
			isa = PBXNativeTarget;
			buildConfigurationList = CE3F559E282A5FA5004AA841 /* Build configuration list for PBXNativeTarget "BarabaraGameTests" */;
			buildPhases = (
				CE3F5583282A5FA5004AA841 /* Sources */,
				CE3F5584282A5FA5004AA841 /* Frameworks */,
				CE3F5585282A5FA5004AA841 /* Resources */,
			);
			buildRules = (
			);
			dependencies = (
				CE3F5589282A5FA5004AA841 /* PBXTargetDependency */,
			);
			name = BarabaraGameTests;
			productName = BarabaraGameTests;
			productReference = CE3F5587282A5FA5004AA841 /* BarabaraGameTests.xctest */;
			productType = "com.apple.product-type.bundle.unit-test";
		};
		CE3F5590282A5FA5004AA841 /* BarabaraGameUITests */ = {
			isa = PBXNativeTarget;
			buildConfigurationList = CE3F55A1282A5FA5004AA841 /* Build configuration list for PBXNativeTarget "BarabaraGameUITests" */;
			buildPhases = (
				CE3F558D282A5FA5004AA841 /* Sources */,
				CE3F558E282A5FA5004AA841 /* Frameworks */,
				CE3F558F282A5FA5004AA841 /* Resources */,
			);
			buildRules = (
			);
			dependencies = (
				CE3F5593282A5FA5004AA841 /* PBXTargetDependency */,
			);
			name = BarabaraGameUITests;
			productName = BarabaraGameUITests;
			productReference = CE3F5591282A5FA5004AA841 /* BarabaraGameUITests.xctest */;
			productType = "com.apple.product-type.bundle.ui-testing";
		};
/* End PBXNativeTarget section */

/* Begin PBXProject section */
		CE3F5569282A5FA1004AA841 /* Project object */ = {
			isa = PBXProject;
			attributes = {
				BuildIndependentTargetsInParallel = 1;
				LastSwiftUpdateCheck = 1330;
				LastUpgradeCheck = 1330;
				TargetAttributes = {
					CE3F5570282A5FA1004AA841 = {
						CreatedOnToolsVersion = 13.3.1;
					};
					CE3F5586282A5FA5004AA841 = {
						CreatedOnToolsVersion = 13.3.1;
						TestTargetID = CE3F5570282A5FA1004AA841;
					};
					CE3F5590282A5FA5004AA841 = {
						CreatedOnToolsVersion = 13.3.1;
						TestTargetID = CE3F5570282A5FA1004AA841;
					};
				};
			};
			buildConfigurationList = CE3F556C282A5FA1004AA841 /* Build configuration list for PBXProject "BarabaraGame" */;
			compatibilityVersion = "Xcode 13.0";
			developmentRegion = en;
			hasScannedForEncodings = 0;
			knownRegions = (
				en,
				Base,
			);
			mainGroup = CE3F5568282A5FA1004AA841;
			productRefGroup = CE3F5572282A5FA1004AA841 /* Products */;
			projectDirPath = "";
			projectRoot = "";
			targets = (
				CE3F5570282A5FA1004AA841 /* BarabaraGame */,
				CE3F5586282A5FA5004AA841 /* BarabaraGameTests */,
				CE3F5590282A5FA5004AA841 /* BarabaraGameUITests */,
			);
		};
/* End PBXProject section */

/* Begin PBXResourcesBuildPhase section */
		CE3F556F282A5FA1004AA841 /* Resources */ = {
			isa = PBXResourcesBuildPhase;
			buildActionMask = 2147483647;
			files = (
				CE3F5581282A5FA5004AA841 /* LaunchScreen.storyboard in Resources */,
				CE3F55A8282A60B2004AA841 /* bar.png in Resources */,
				CE3F55A7282A60B2004AA841 /* tail.png in Resources */,
				CE3F557E282A5FA5004AA841 /* Assets.xcassets in Resources */,
				CE3F557C282A5FA1004AA841 /* Main.storyboard in Resources */,
			);
			runOnlyForDeploymentPostprocessing = 0;
		};
		CE3F5585282A5FA5004AA841 /* Resources */ = {
			isa = PBXResourcesBuildPhase;
			buildActionMask = 2147483647;
			files = (
			);
			runOnlyForDeploymentPostprocessing = 0;
		};
		CE3F558F282A5FA5004AA841 /* Resources */ = {
			isa = PBXResourcesBuildPhase;
			buildActionMask = 2147483647;
			files = (
			);
			runOnlyForDeploymentPostprocessing = 0;
		};
/* End PBXResourcesBuildPhase section */

/* Begin PBXSourcesBuildPhase section */
		CE3F556D282A5FA1004AA841 /* Sources */ = {
			isa = PBXSourcesBuildPhase;
			buildActionMask = 2147483647;
			files = (
				CE3F55AC282A64C3004AA841 /* RankingViewController.swift in Sources */,
				CE3F55AA282A647A004AA841 /* GameViewController.swift in Sources */,
				CE3F5579282A5FA1004AA841 /* ViewController.swift in Sources */,
				CE3F5575282A5FA1004AA841 /* AppDelegate.swift in Sources */,
				CE3F5577282A5FA1004AA841 /* SceneDelegate.swift in Sources */,
			);
			runOnlyForDeploymentPostprocessing = 0;
		};
		CE3F5583282A5FA5004AA841 /* Sources */ = {
			isa = PBXSourcesBuildPhase;
			buildActionMask = 2147483647;
			files = (
				CE3F558C282A5FA5004AA841 /* BarabaraGameTests.swift in Sources */,
			);
			runOnlyForDeploymentPostprocessing = 0;
		};
		CE3F558D282A5FA5004AA841 /* Sources */ = {
			isa = PBXSourcesBuildPhase;
			buildActionMask = 2147483647;
			files = (
				CE3F5598282A5FA5004AA841 /* BarabaraGameUITestsLaunchTests.swift in Sources */,
				CE3F5596282A5FA5004AA841 /* BarabaraGameUITests.swift in Sources */,
			);
			runOnlyForDeploymentPostprocessing = 0;
		};
/* End PBXSourcesBuildPhase section */

/* Begin PBXTargetDependency section */
		CE3F5589282A5FA5004AA841 /* PBXTargetDependency */ = {
			isa = PBXTargetDependency;
			target = CE3F5570282A5FA1004AA841 /* BarabaraGame */;
			targetProxy = CE3F5588282A5FA5004AA841 /* PBXContainerItemProxy */;
		};
		CE3F5593282A5FA5004AA841 /* PBXTargetDependency */ = {
			isa = PBXTargetDependency;
			target = CE3F5570282A5FA1004AA841 /* BarabaraGame */;
			targetProxy = CE3F5592282A5FA5004AA841 /* PBXContainerItemProxy */;
		};
/* End PBXTargetDependency section */

/* Begin PBXVariantGroup section */
		CE3F557A282A5FA1004AA841 /* Main.storyboard */ = {
			isa = PBXVariantGroup;
			children = (
				CE3F557B282A5FA1004AA841 /* Base */,
			);
			name = Main.storyboard;
			sourceTree = "<group>";
		};
		CE3F557F282A5FA5004AA841 /* LaunchScreen.storyboard */ = {
			isa = PBXVariantGroup;
			children = (
				CE3F5580282A5FA5004AA841 /* Base */,
			);
			name = LaunchScreen.storyboard;
			sourceTree = "<group>";
		};
/* End PBXVariantGroup section */

/* Begin XCBuildConfiguration section */
		CE3F5599282A5FA5004AA841 /* Debug */ = {
			isa = XCBuildConfiguration;
			buildSettings = {
				ALWAYS_SEARCH_USER_PATHS = NO;
				CLANG_ANALYZER_NONNULL = YES;
				CLANG_ANALYZER_NUMBER_OBJECT_CONVERSION = YES_AGGRESSIVE;
				CLANG_CXX_LANGUAGE_STANDARD = "gnu++17";
				CLANG_ENABLE_MODULES = YES;
				CLANG_ENABLE_OBJC_ARC = YES;
				CLANG_ENABLE_OBJC_WEAK = YES;
				CLANG_WARN_BLOCK_CAPTURE_AUTORELEASING = YES;
				CLANG_WARN_BOOL_CONVERSION = YES;
				CLANG_WARN_COMMA = YES;
				CLANG_WARN_CONSTANT_CONVERSION = YES;
				CLANG_WARN_DEPRECATED_OBJC_IMPLEMENTATIONS = YES;
				CLANG_WARN_DIRECT_OBJC_ISA_USAGE = YES_ERROR;
				CLANG_WARN_DOCUMENTATION_COMMENTS = YES;
				CLANG_WARN_EMPTY_BODY = YES;
				CLANG_WARN_ENUM_CONVERSION = YES;
				CLANG_WARN_INFINITE_RECURSION = YES;
				CLANG_WARN_INT_CONVERSION = YES;
				CLANG_WARN_NON_LITERAL_NULL_CONVERSION = YES;
				CLANG_WARN_OBJC_IMPLICIT_RETAIN_SELF = YES;
				CLANG_WARN_OBJC_LITERAL_CONVERSION = YES;
				CLANG_WARN_OBJC_ROOT_CLASS = YES_ERROR;
				CLANG_WARN_QUOTED_INCLUDE_IN_FRAMEWORK_HEADER = YES;
				CLANG_WARN_RANGE_LOOP_ANALYSIS = YES;
				CLANG_WARN_STRICT_PROTOTYPES = YES;
				CLANG_WARN_SUSPICIOUS_MOVE = YES;
				CLANG_WARN_UNGUARDED_AVAILABILITY = YES_AGGRESSIVE;
				CLANG_WARN_UNREACHABLE_CODE = YES;
				CLANG_WARN__DUPLICATE_METHOD_MATCH = YES;
				COPY_PHASE_STRIP = NO;
				DEBUG_INFORMATION_FORMAT = dwarf;
				ENABLE_STRICT_OBJC_MSGSEND = YES;
				ENABLE_TESTABILITY = YES;
				GCC_C_LANGUAGE_STANDARD = gnu11;
				GCC_DYNAMIC_NO_PIC = NO;
				GCC_NO_COMMON_BLOCKS = YES;
				GCC_OPTIMIZATION_LEVEL = 0;
				GCC_PREPROCESSOR_DEFINITIONS = (
					"DEBUG=1",
					"$(inherited)",
				);
				GCC_WARN_64_TO_32_BIT_CONVERSION = YES;
				GCC_WARN_ABOUT_RETURN_TYPE = YES_ERROR;
				GCC_WARN_UNDECLARED_SELECTOR = YES;
				GCC_WARN_UNINITIALIZED_AUTOS = YES_AGGRESSIVE;
				GCC_WARN_UNUSED_FUNCTION = YES;
				GCC_WARN_UNUSED_VARIABLE = YES;
				IPHONEOS_DEPLOYMENT_TARGET = 15.4;
				MTL_ENABLE_DEBUG_INFO = INCLUDE_SOURCE;
				MTL_FAST_MATH = YES;
				ONLY_ACTIVE_ARCH = YES;
				SDKROOT = iphoneos;
				SWIFT_ACTIVE_COMPILATION_CONDITIONS = DEBUG;
				SWIFT_OPTIMIZATION_LEVEL = "-Onone";
			};
			name = Debug;
		};
		CE3F559A282A5FA5004AA841 /* Release */ = {
			isa = XCBuildConfiguration;
			buildSettings = {
				ALWAYS_SEARCH_USER_PATHS = NO;
				CLANG_ANALYZER_NONNULL = YES;
				CLANG_ANALYZER_NUMBER_OBJECT_CONVERSION = YES_AGGRESSIVE;
				CLANG_CXX_LANGUAGE_STANDARD = "gnu++17";
				CLANG_ENABLE_MODULES = YES;
				CLANG_ENABLE_OBJC_ARC = YES;
				CLANG_ENABLE_OBJC_WEAK = YES;
				CLANG_WARN_BLOCK_CAPTURE_AUTORELEASING = YES;
				CLANG_WARN_BOOL_CONVERSION = YES;
				CLANG_WARN_COMMA = YES;
				CLANG_WARN_CONSTANT_CONVERSION = YES;
				CLANG_WARN_DEPRECATED_OBJC_IMPLEMENTATIONS = YES;
				CLANG_WARN_DIRECT_OBJC_ISA_USAGE = YES_ERROR;
				CLANG_WARN_DOCUMENTATION_COMMENTS = YES;
				CLANG_WARN_EMPTY_BODY = YES;
				CLANG_WARN_ENUM_CONVERSION = YES;
				CLANG_WARN_INFINITE_RECURSION = YES;
				CLANG_WARN_INT_CONVERSION = YES;
				CLANG_WARN_NON_LITERAL_NULL_CONVERSION = YES;
				CLANG_WARN_OBJC_IMPLICIT_RETAIN_SELF = YES;
				CLANG_WARN_OBJC_LITERAL_CONVERSION = YES;
				CLANG_WARN_OBJC_ROOT_CLASS = YES_ERROR;
				CLANG_WARN_QUOTED_INCLUDE_IN_FRAMEWORK_HEADER = YES;
				CLANG_WARN_RANGE_LOOP_ANALYSIS = YES;
				CLANG_WARN_STRICT_PROTOTYPES = YES;
				CLANG_WARN_SUSPICIOUS_MOVE = YES;
				CLANG_WARN_UNGUARDED_AVAILABILITY = YES_AGGRESSIVE;
				CLANG_WARN_UNREACHABLE_CODE = YES;
				CLANG_WARN__DUPLICATE_METHOD_MATCH = YES;
				COPY_PHASE_STRIP = NO;
				DEBUG_INFORMATION_FORMAT = "dwarf-with-dsym";
				ENABLE_NS_ASSERTIONS = NO;
				ENABLE_STRICT_OBJC_MSGSEND = YES;
				GCC_C_LANGUAGE_STANDARD = gnu11;
				GCC_NO_COMMON_BLOCKS = YES;
				GCC_WARN_64_TO_32_BIT_CONVERSION = YES;
				GCC_WARN_ABOUT_RETURN_TYPE = YES_ERROR;
				GCC_WARN_UNDECLARED_SELECTOR = YES;
				GCC_WARN_UNINITIALIZED_AUTOS = YES_AGGRESSIVE;
				GCC_WARN_UNUSED_FUNCTION = YES;
				GCC_WARN_UNUSED_VARIABLE = YES;
				IPHONEOS_DEPLOYMENT_TARGET = 15.4;
				MTL_ENABLE_DEBUG_INFO = NO;
				MTL_FAST_MATH = YES;
				SDKROOT = iphoneos;
				SWIFT_COMPILATION_MODE = wholemodule;
				SWIFT_OPTIMIZATION_LEVEL = "-O";
				VALIDATE_PRODUCT = YES;
			};
			name = Release;
		};
		CE3F559C282A5FA5004AA841 /* Debug */ = {
			isa = XCBuildConfiguration;
			buildSettings = {
				ASSETCATALOG_COMPILER_APPICON_NAME = AppIcon;
				ASSETCATALOG_COMPILER_GLOBAL_ACCENT_COLOR_NAME = AccentColor;
				CODE_SIGN_STYLE = Automatic;
				CURRENT_PROJECT_VERSION = 1;
				GENERATE_INFOPLIST_FILE = YES;
				INFOPLIST_FILE = BarabaraGame/Info.plist;
				INFOPLIST_KEY_UIApplicationSupportsIndirectInputEvents = YES;
				INFOPLIST_KEY_UILaunchStoryboardName = LaunchScreen;
				INFOPLIST_KEY_UIMainStoryboardFile = Main;
				INFOPLIST_KEY_UISupportedInterfaceOrientations_iPad = "UIInterfaceOrientationPortrait UIInterfaceOrientationPortraitUpsideDown UIInterfaceOrientationLandscapeLeft UIInterfaceOrientationLandscapeRight";
				INFOPLIST_KEY_UISupportedInterfaceOrientations_iPhone = "UIInterfaceOrientationPortrait UIInterfaceOrientationLandscapeLeft UIInterfaceOrientationLandscapeRight";
				LD_RUNPATH_SEARCH_PATHS = (
					"$(inherited)",
					"@executable_path/Frameworks",
				);
				MARKETING_VERSION = 1.0;
				PRODUCT_BUNDLE_IDENTIFIER = app.yume.yoshida.BarabaraGame;
				PRODUCT_NAME = "$(TARGET_NAME)";
				SWIFT_EMIT_LOC_STRINGS = YES;
				SWIFT_VERSION = 5.0;
				TARGETED_DEVICE_FAMILY = "1,2";
			};
			name = Debug;
		};
		CE3F559D282A5FA5004AA841 /* Release */ = {
			isa = XCBuildConfiguration;
			buildSettings = {
				ASSETCATALOG_COMPILER_APPICON_NAME = AppIcon;
				ASSETCATALOG_COMPILER_GLOBAL_ACCENT_COLOR_NAME = AccentColor;
				CODE_SIGN_STYLE = Automatic;
				CURRENT_PROJECT_VERSION = 1;
				GENERATE_INFOPLIST_FILE = YES;
				INFOPLIST_FILE = BarabaraGame/Info.plist;
				INFOPLIST_KEY_UIApplicationSupportsIndirectInputEvents = YES;
				INFOPLIST_KEY_UILaunchStoryboardName = LaunchScreen;
				INFOPLIST_KEY_UIMainStoryboardFile = Main;
				INFOPLIST_KEY_UISupportedInterfaceOrientations_iPad = "UIInterfaceOrientationPortrait UIInterfaceOrientationPortraitUpsideDown UIInterfaceOrientationLandscapeLeft UIInterfaceOrientationLandscapeRight";
				INFOPLIST_KEY_UISupportedInterfaceOrientations_iPhone = "UIInterfaceOrientationPortrait UIInterfaceOrientationLandscapeLeft UIInterfaceOrientationLandscapeRight";
				LD_RUNPATH_SEARCH_PATHS = (
					"$(inherited)",
					"@executable_path/Frameworks",
				);
				MARKETING_VERSION = 1.0;
				PRODUCT_BUNDLE_IDENTIFIER = app.yume.yoshida.BarabaraGame;
				PRODUCT_NAME = "$(TARGET_NAME)";
				SWIFT_EMIT_LOC_STRINGS = YES;
				SWIFT_VERSION = 5.0;
				TARGETED_DEVICE_FAMILY = "1,2";
			};
			name = Release;
		};
		CE3F559F282A5FA5004AA841 /* Debug */ = {
			isa = XCBuildConfiguration;
			buildSettings = {
				ALWAYS_EMBED_SWIFT_STANDARD_LIBRARIES = YES;
				BUNDLE_LOADER = "$(TEST_HOST)";
				CODE_SIGN_STYLE = Automatic;
				CURRENT_PROJECT_VERSION = 1;
				GENERATE_INFOPLIST_FILE = YES;
				IPHONEOS_DEPLOYMENT_TARGET = 15.4;
				MARKETING_VERSION = 1.0;
				PRODUCT_BUNDLE_IDENTIFIER = app.yume.yoshida.BarabaraGameTests;
				PRODUCT_NAME = "$(TARGET_NAME)";
				SWIFT_EMIT_LOC_STRINGS = NO;
				SWIFT_VERSION = 5.0;
				TARGETED_DEVICE_FAMILY = "1,2";
				TEST_HOST = "$(BUILT_PRODUCTS_DIR)/BarabaraGame.app/BarabaraGame";
			};
			name = Debug;
		};
		CE3F55A0282A5FA5004AA841 /* Release */ = {
			isa = XCBuildConfiguration;
			buildSettings = {
				ALWAYS_EMBED_SWIFT_STANDARD_LIBRARIES = YES;
				BUNDLE_LOADER = "$(TEST_HOST)";
				CODE_SIGN_STYLE = Automatic;
				CURRENT_PROJECT_VERSION = 1;
				GENERATE_INFOPLIST_FILE = YES;
				IPHONEOS_DEPLOYMENT_TARGET = 15.4;
				MARKETING_VERSION = 1.0;
				PRODUCT_BUNDLE_IDENTIFIER = app.yume.yoshida.BarabaraGameTests;
				PRODUCT_NAME = "$(TARGET_NAME)";
				SWIFT_EMIT_LOC_STRINGS = NO;
				SWIFT_VERSION = 5.0;
				TARGETED_DEVICE_FAMILY = "1,2";
				TEST_HOST = "$(BUILT_PRODUCTS_DIR)/BarabaraGame.app/BarabaraGame";
			};
			name = Release;
		};
		CE3F55A2282A5FA5004AA841 /* Debug */ = {
			isa = XCBuildConfiguration;
			buildSettings = {
				ALWAYS_EMBED_SWIFT_STANDARD_LIBRARIES = YES;
				CODE_SIGN_STYLE = Automatic;
				CURRENT_PROJECT_VERSION = 1;
				GENERATE_INFOPLIST_FILE = YES;
				MARKETING_VERSION = 1.0;
				PRODUCT_BUNDLE_IDENTIFIER = app.yume.yoshida.BarabaraGameUITests;
				PRODUCT_NAME = "$(TARGET_NAME)";
				SWIFT_EMIT_LOC_STRINGS = NO;
				SWIFT_VERSION = 5.0;
				TARGETED_DEVICE_FAMILY = "1,2";
				TEST_TARGET_NAME = BarabaraGame;
			};
			name = Debug;
		};
		CE3F55A3282A5FA5004AA841 /* Release */ = {
			isa = XCBuildConfiguration;
			buildSettings = {
				ALWAYS_EMBED_SWIFT_STANDARD_LIBRARIES = YES;
				CODE_SIGN_STYLE = Automatic;
				CURRENT_PROJECT_VERSION = 1;
				GENERATE_INFOPLIST_FILE = YES;
				MARKETING_VERSION = 1.0;
				PRODUCT_BUNDLE_IDENTIFIER = app.yume.yoshida.BarabaraGameUITests;
				PRODUCT_NAME = "$(TARGET_NAME)";
				SWIFT_EMIT_LOC_STRINGS = NO;
				SWIFT_VERSION = 5.0;
				TARGETED_DEVICE_FAMILY = "1,2";
				TEST_TARGET_NAME = BarabaraGame;
			};
			name = Release;
		};
/* End XCBuildConfiguration section */

/* Begin XCConfigurationList section */
		CE3F556C282A5FA1004AA841 /* Build configuration list for PBXProject "BarabaraGame" */ = {
			isa = XCConfigurationList;
			buildConfigurations = (
				CE3F5599282A5FA5004AA841 /* Debug */,
				CE3F559A282A5FA5004AA841 /* Release */,
			);
			defaultConfigurationIsVisible = 0;
			defaultConfigurationName = Release;
		};
		CE3F559B282A5FA5004AA841 /* Build configuration list for PBXNativeTarget "BarabaraGame" */ = {
			isa = XCConfigurationList;
			buildConfigurations = (
				CE3F559C282A5FA5004AA841 /* Debug */,
				CE3F559D282A5FA5004AA841 /* Release */,
			);
			defaultConfigurationIsVisible = 0;
			defaultConfigurationName = Release;
		};
		CE3F559E282A5FA5004AA841 /* Build configuration list for PBXNativeTarget "BarabaraGameTests" */ = {
			isa = XCConfigurationList;
			buildConfigurations = (
				CE3F559F282A5FA5004AA841 /* Debug */,
				CE3F55A0282A5FA5004AA841 /* Release */,
			);
			defaultConfigurationIsVisible = 0;
			defaultConfigurationName = Release;
		};
		CE3F55A1282A5FA5004AA841 /* Build configuration list for PBXNativeTarget "BarabaraGameUITests" */ = {
			isa = XCConfigurationList;
			buildConfigurations = (
				CE3F55A2282A5FA5004AA841 /* Debug */,
				CE3F55A3282A5FA5004AA841 /* Release */,
			);
			defaultConfigurationIsVisible = 0;
			defaultConfigurationName = Release;
		};
/* End XCConfigurationList section */
	};
	rootObject = CE3F5569282A5FA1004AA841 /* Project object */;
}
